
Microsoft Visual Studio Solution File, Format Version 12.00
# Visual Studio Version 17
VisualStudioVersion = 17.9.34723.18
MinimumVisualStudioVersion = 10.0.40219.1
Project("{9A19103F-16F7-4668-BE54-9A1E7A4F7556}") = "Laba1", "Laba1\Laba1.csproj", "{019BAAE9-8ADE-4B3B-B064-CBAB77D47D14}"
EndProject
Project("{9A19103F-16F7-4668-BE54-9A1E7A4F7556}") = "Laba2", "Laba2\Laba2.csproj", "{9B8E39E1-BF51-4148-9877-A74E5320F6DD}"
EndProject
Project("{9A19103F-16F7-4668-BE54-9A1E7A4F7556}") = "Laba3", "Laba3\Laba3.csproj", "{DD9BE271-0BDD-4C2F-91AF-25296980E614}"
EndProject
Project("{9A19103F-16F7-4668-BE54-9A1E7A4F7556}") = "Laba4", "Laba4\Laba4.csproj", "{83E0966D-AB14-419D-B8A4-54B912A94DF4}"
EndProject
Project("{9A19103F-16F7-4668-BE54-9A1E7A4F7556}") = "Laba5", "Laba5\Laba5.csproj", "{2E92AE30-8FEC-4A36-8302-FF2665B9846D}"
EndProject
Project("{FAE04EC0-301F-11D3-BF4B-00C04F79EFBC}") = "Laba6", "Laba6\Laba6.csproj", "{07F793A6-73C1-4197-AD8E-7D201C1F70FF}"
EndProject
Global
	GlobalSection(SolutionConfigurationPlatforms) = preSolution
		Debug|Any CPU = Debug|Any CPU
		Release|Any CPU = Release|Any CPU
	EndGlobalSection
	GlobalSection(ProjectConfigurationPlatforms) = postSolution
		{019BAAE9-8ADE-4B3B-B064-CBAB77D47D14}.Debug|Any CPU.ActiveCfg = Debug|Any CPU
		{019BAAE9-8ADE-4B3B-B064-CBAB77D47D14}.Debug|Any CPU.Build.0 = Debug|Any CPU
		{019BAAE9-8ADE-4B3B-B064-CBAB77D47D14}.Release|Any CPU.ActiveCfg = Release|Any CPU
		{019BAAE9-8ADE-4B3B-B064-CBAB77D47D14}.Release|Any CPU.Build.0 = Release|Any CPU
		{9B8E39E1-BF51-4148-9877-A74E5320F6DD}.Debug|Any CPU.ActiveCfg = Debug|Any CPU
		{9B8E39E1-BF51-4148-9877-A74E5320F6DD}.Debug|Any CPU.Build.0 = Debug|Any CPU
		{9B8E39E1-BF51-4148-9877-A74E5320F6DD}.Release|Any CPU.ActiveCfg = Release|Any CPU
		{9B8E39E1-BF51-4148-9877-A74E5320F6DD}.Release|Any CPU.Build.0 = Release|Any CPU
		{DD9BE271-0BDD-4C2F-91AF-25296980E614}.Debug|Any CPU.ActiveCfg = Debug|Any CPU
		{DD9BE271-0BDD-4C2F-91AF-25296980E614}.Debug|Any CPU.Build.0 = Debug|Any CPU
		{DD9BE271-0BDD-4C2F-91AF-25296980E614}.Release|Any CPU.ActiveCfg = Release|Any CPU
		{DD9BE271-0BDD-4C2F-91AF-25296980E614}.Release|Any CPU.Build.0 = Release|Any CPU
		{83E0966D-AB14-419D-B8A4-54B912A94DF4}.Debug|Any CPU.ActiveCfg = Debug|Any CPU
		{83E0966D-AB14-419D-B8A4-54B912A94DF4}.Debug|Any CPU.Build.0 = Debug|Any CPU
		{83E0966D-AB14-419D-B8A4-54B912A94DF4}.Release|Any CPU.ActiveCfg = Release|Any CPU
		{83E0966D-AB14-419D-B8A4-54B912A94DF4}.Release|Any CPU.Build.0 = Release|Any CPU
		{2E92AE30-8FEC-4A36-8302-FF2665B9846D}.Debug|Any CPU.ActiveCfg = Debug|Any CPU
		{2E92AE30-8FEC-4A36-8302-FF2665B9846D}.Debug|Any CPU.Build.0 = Debug|Any CPU
		{2E92AE30-8FEC-4A36-8302-FF2665B9846D}.Release|Any CPU.ActiveCfg = Release|Any CPU
		{2E92AE30-8FEC-4A36-8302-FF2665B9846D}.Release|Any CPU.Build.0 = Release|Any CPU
		{07F793A6-73C1-4197-AD8E-7D201C1F70FF}.Debug|Any CPU.ActiveCfg = Debug|Any CPU
		{07F793A6-73C1-4197-AD8E-7D201C1F70FF}.Debug|Any CPU.Build.0 = Debug|Any CPU
		{07F793A6-73C1-4197-AD8E-7D201C1F70FF}.Release|Any CPU.ActiveCfg = Release|Any CPU
		{07F793A6-73C1-4197-AD8E-7D201C1F70FF}.Release|Any CPU.Build.0 = Release|Any CPU
	EndGlobalSection
	GlobalSection(SolutionProperties) = preSolution
		HideSolutionNode = FALSE
	EndGlobalSection
	GlobalSection(ExtensibilityGlobals) = postSolution
		SolutionGuid = {3979739A-CC16-4222-BC1F-C79D36E0C65C}
	EndGlobalSection
EndGlobal
